
Microsoft Visual Studio Solution File, Format Version 12.00
# Visual Studio Version 17
VisualStudioVersion = 17.1.32421.90
MinimumVisualStudioVersion = 10.0.40219.1
Project("{FAE04EC0-301F-11D3-BF4B-00C04F79EFBC}") = "Data_Structures", "CustomLinkedList\Data_Structures.csproj", "{FD9B6CC7-3FD8-46D0-91DF-F8CBC2CC70BC}"
EndProject
Global
	GlobalSection(SolutionConfigurationPlatforms) = preSolution
		Debug|Any CPU = Debug|Any CPU
		Release|Any CPU = Release|Any CPU
	EndGlobalSection
	GlobalSection(ProjectConfigurationPlatforms) = postSolution
		{FD9B6CC7-3FD8-46D0-91DF-F8CBC2CC70BC}.Debug|Any CPU.ActiveCfg = Debug|Any CPU
		{FD9B6CC7-3FD8-46D0-91DF-F8CBC2CC70BC}.Debug|Any CPU.Build.0 = Debug|Any CPU
		{FD9B6CC7-3FD8-46D0-91DF-F8CBC2CC70BC}.Release|Any CPU.ActiveCfg = Release|Any CPU
		{FD9B6CC7-3FD8-46D0-91DF-F8CBC2CC70BC}.Release|Any CPU.Build.0 = Release|Any CPU
	EndGlobalSection
	GlobalSection(SolutionProperties) = preSolution
		HideSolutionNode = FALSE
	EndGlobalSection
	GlobalSection(ExtensibilityGlobals) = postSolution
		SolutionGuid = {2C6385B9-9091-440F-A048-587C0EB8BE99}
	EndGlobalSection
EndGlobal
